dependencies:
- name: etcd
  repository: https://hkube.io/helm/
  version: 0.7.2019
- name: jaeger
  repository: https://hkube.io/helm/
  version: 0.27.2006
- name: redis-ha
  repository: https://hkube.io/helm/
  version: 3.6.1005
- name: nginx-ingress
  repository: https://hkube.io/helm/
  version: 1.31.1002
- name: minio
  repository: https://hkube.io/helm/
  version: 5.0.1024
- name: mongodb
  repository: https://hkube.io/helm/
  version: 10.0.1001
- name: gitea
  repository: https://hkube.io/helm/
  version: 2.1.3006
digest: sha256:fc33f68b7610fe8d9bd640d925f005fe87e2d88bdfa823df43b0832fdb2a3a0f
generated: "2022-02-28T16:31:57.991691+02:00"
