dependencies:
- name: etcd
  repository: http://hkube.io/helm/
  version: 0.7.5
- name: jaeger
  repository: http://hkube.io/helm/
  version: 0.27.2001
- name: redis-ha
  repository: http://hkube.io/helm/
  version: 3.6.3
- name: nginx-ingress
  repository: http://hkube.io/helm/
  version: 1.31.1
digest: sha256:038c422a62cc41bbc57e8e4fa91144d7af519b4b977eb2c27d79b91a33553b8d
generated: "2020-04-23T15:25:05.757540085+03:00"
