dependencies:
- name: etcd
  repository: https://hkube.org/helm/
  version: 0.7.2021
- name: jaeger
  repository: https://hkube.org/helm/
  version: 0.27.2008
- name: redis-ha
  repository: https://hkube.org/helm/
  version: 3.6.1007
- name: nginx-ingress
  repository: https://hkube.org/helm/
  version: 1.31.1002
- name: minio
  repository: https://hkube.org/helm/
  version: 5.0.1027
- name: mongodb
  repository: https://hkube.org/helm/
  version: 10.0.1004
- name: gitea
  repository: https://hkube.org/helm/
  version: 2.1.3008
- name: keycloak
  repository: https://hkube.org/helm/
  version: 21.4.18
digest: sha256:f4b8c6e630e703468dfba749da8ee6ad0515bc2b1e97f4f5f52b5a53a3d139cb
generated: "2025-09-02T15:09:34.044937969+03:00"
